
Microsoft Visual Studio Solution File, Format Version 12.00
# Visual Studio Version 17
VisualStudioVersion = 17.0.31903.59
MinimumVisualStudioVersion = 10.0.40219.1
Project("{FAE04EC0-301F-11D3-BF4B-00C04F79EFBC}") = "BOL", "BOL\BOL.csproj", "{ACB2C8AC-C7B4-47E1-B4A5-EA01D8892491}"
EndProject
Project("{FAE04EC0-301F-11D3-BF4B-00C04F79EFBC}") = "BLL", "BLL\BLL.csproj", "{1F448C96-437E-47A9-A634-7D15A806541F}"
EndProject
Project("{FAE04EC0-301F-11D3-BF4B-00C04F79EFBC}") = "DAL", "DAL\DAL.csproj", "{5154DC6D-E51C-4E3B-B738-0C3CB3518503}"
EndProject
Project("{FAE04EC0-301F-11D3-BF4B-00C04F79EFBC}") = "GoGrocersApp", "GoGrocersApp\GoGrocersApp.csproj", "{CC646CAC-8908-468E-A6C7-3D91E83E17D4}"
EndProject
Global
	GlobalSection(SolutionConfigurationPlatforms) = preSolution
		Debug|Any CPU = Debug|Any CPU
		Release|Any CPU = Release|Any CPU
	EndGlobalSection
	GlobalSection(SolutionProperties) = preSolution
		HideSolutionNode = FALSE
	EndGlobalSection
	GlobalSection(ProjectConfigurationPlatforms) = postSolution
		{ACB2C8AC-C7B4-47E1-B4A5-EA01D8892491}.Debug|Any CPU.ActiveCfg = Debug|Any CPU
		{ACB2C8AC-C7B4-47E1-B4A5-EA01D8892491}.Debug|Any CPU.Build.0 = Debug|Any CPU
		{ACB2C8AC-C7B4-47E1-B4A5-EA01D8892491}.Release|Any CPU.ActiveCfg = Release|Any CPU
		{ACB2C8AC-C7B4-47E1-B4A5-EA01D8892491}.Release|Any CPU.Build.0 = Release|Any CPU
		{1F448C96-437E-47A9-A634-7D15A806541F}.Debug|Any CPU.ActiveCfg = Debug|Any CPU
		{1F448C96-437E-47A9-A634-7D15A806541F}.Debug|Any CPU.Build.0 = Debug|Any CPU
		{1F448C96-437E-47A9-A634-7D15A806541F}.Release|Any CPU.ActiveCfg = Release|Any CPU
		{1F448C96-437E-47A9-A634-7D15A806541F}.Release|Any CPU.Build.0 = Release|Any CPU
		{5154DC6D-E51C-4E3B-B738-0C3CB3518503}.Debug|Any CPU.ActiveCfg = Debug|Any CPU
		{5154DC6D-E51C-4E3B-B738-0C3CB3518503}.Debug|Any CPU.Build.0 = Debug|Any CPU
		{5154DC6D-E51C-4E3B-B738-0C3CB3518503}.Release|Any CPU.ActiveCfg = Release|Any CPU
		{5154DC6D-E51C-4E3B-B738-0C3CB3518503}.Release|Any CPU.Build.0 = Release|Any CPU
		{CC646CAC-8908-468E-A6C7-3D91E83E17D4}.Debug|Any CPU.ActiveCfg = Debug|Any CPU
		{CC646CAC-8908-468E-A6C7-3D91E83E17D4}.Debug|Any CPU.Build.0 = Debug|Any CPU
		{CC646CAC-8908-468E-A6C7-3D91E83E17D4}.Release|Any CPU.ActiveCfg = Release|Any CPU
		{CC646CAC-8908-468E-A6C7-3D91E83E17D4}.Release|Any CPU.Build.0 = Release|Any CPU
	EndGlobalSection
EndGlobal
